
Microsoft Visual Studio Solution File, Format Version 12.00
# Visual Studio Version 16
VisualStudioVersion = 16.0.29806.167
MinimumVisualStudioVersion = 10.0.40219.1
Project("{9A19103F-16F7-4668-BE54-9A1E7A4F7556}") = "XlsxTemplateReporter", "XlsxTemplateReporter\XlsxTemplateReporter.csproj", "{FC961355-B907-4CBF-BEDE-19AD158F8554}"
EndProject
Project("{9A19103F-16F7-4668-BE54-9A1E7A4F7556}") = "Test_NpoiDotnet", "Test\Test_NpoiDotnet.csproj", "{1E1ED6D2-B9BF-42B4-A01B-B2BEAE182ED5}"
EndProject
Project("{9A19103F-16F7-4668-BE54-9A1E7A4F7556}") = "Test_NpoiAuthor", "Test_NpoiAuthor\Test_NpoiAuthor.csproj", "{2F797A76-FD8E-4C87-A805-9AEA55909590}"
EndProject
Project("{FAE04EC0-301F-11D3-BF4B-00C04F79EFBC}") = "Test_ClosedXML", "Test_ClosedXML\Test_ClosedXML.csproj", "{AB9EDA2A-EE9A-4EBA-9761-3233A62658AD}"
EndProject
Global
	GlobalSection(SolutionConfigurationPlatforms) = preSolution
		Debug|Any CPU = Debug|Any CPU
		Release|Any CPU = Release|Any CPU
	EndGlobalSection
	GlobalSection(ProjectConfigurationPlatforms) = postSolution
		{FC961355-B907-4CBF-BEDE-19AD158F8554}.Debug|Any CPU.ActiveCfg = Debug|Any CPU
		{FC961355-B907-4CBF-BEDE-19AD158F8554}.Debug|Any CPU.Build.0 = Debug|Any CPU
		{FC961355-B907-4CBF-BEDE-19AD158F8554}.Release|Any CPU.ActiveCfg = Release|Any CPU
		{FC961355-B907-4CBF-BEDE-19AD158F8554}.Release|Any CPU.Build.0 = Release|Any CPU
		{1E1ED6D2-B9BF-42B4-A01B-B2BEAE182ED5}.Debug|Any CPU.ActiveCfg = Debug|Any CPU
		{1E1ED6D2-B9BF-42B4-A01B-B2BEAE182ED5}.Debug|Any CPU.Build.0 = Debug|Any CPU
		{1E1ED6D2-B9BF-42B4-A01B-B2BEAE182ED5}.Release|Any CPU.ActiveCfg = Release|Any CPU
		{1E1ED6D2-B9BF-42B4-A01B-B2BEAE182ED5}.Release|Any CPU.Build.0 = Release|Any CPU
		{2F797A76-FD8E-4C87-A805-9AEA55909590}.Debug|Any CPU.ActiveCfg = Debug|Any CPU
		{2F797A76-FD8E-4C87-A805-9AEA55909590}.Debug|Any CPU.Build.0 = Debug|Any CPU
		{2F797A76-FD8E-4C87-A805-9AEA55909590}.Release|Any CPU.ActiveCfg = Release|Any CPU
		{2F797A76-FD8E-4C87-A805-9AEA55909590}.Release|Any CPU.Build.0 = Release|Any CPU
		{AB9EDA2A-EE9A-4EBA-9761-3233A62658AD}.Debug|Any CPU.ActiveCfg = Debug|Any CPU
		{AB9EDA2A-EE9A-4EBA-9761-3233A62658AD}.Debug|Any CPU.Build.0 = Debug|Any CPU
		{AB9EDA2A-EE9A-4EBA-9761-3233A62658AD}.Release|Any CPU.ActiveCfg = Release|Any CPU
		{AB9EDA2A-EE9A-4EBA-9761-3233A62658AD}.Release|Any CPU.Build.0 = Release|Any CPU
	EndGlobalSection
	GlobalSection(SolutionProperties) = preSolution
		HideSolutionNode = FALSE
	EndGlobalSection
	GlobalSection(ExtensibilityGlobals) = postSolution
		SolutionGuid = {E9D0808B-11BE-4084-A612-37B1BD1F8ECD}
	EndGlobalSection
EndGlobal
